
Microsoft Visual Studio Solution File, Format Version 12.00
# Visual Studio 15
VisualStudioVersion = 15.0.27130.0
MinimumVisualStudioVersion = 10.0.40219.1
Project("{FAE04EC0-301F-11D3-BF4B-00C04F79EFBC}") = "Trade Simulator", "Trade Simulator\Trade Simulator.csproj", "{BC350A6D-4F7A-4A4D-A579-B986BFD4817F}"
EndProject
Global
	GlobalSection(SolutionConfigurationPlatforms) = preSolution
		Debug|Any CPU = Debug|Any CPU
		Release|Any CPU = Release|Any CPU
	EndGlobalSection
	GlobalSection(ProjectConfigurationPlatforms) = postSolution
		{BC350A6D-4F7A-4A4D-A579-B986BFD4817F}.Debug|Any CPU.ActiveCfg = Debug|Any CPU
		{BC350A6D-4F7A-4A4D-A579-B986BFD4817F}.Debug|Any CPU.Build.0 = Debug|Any CPU
		{BC350A6D-4F7A-4A4D-A579-B986BFD4817F}.Release|Any CPU.ActiveCfg = Release|Any CPU
		{BC350A6D-4F7A-4A4D-A579-B986BFD4817F}.Release|Any CPU.Build.0 = Release|Any CPU
	EndGlobalSection
	GlobalSection(SolutionProperties) = preSolution
		HideSolutionNode = FALSE
	EndGlobalSection
	GlobalSection(ExtensibilityGlobals) = postSolution
		SolutionGuid = {226EA249-C4CE-4137-BE2D-56B116F6C9EC}
	EndGlobalSection
EndGlobal
